// !$*UTF8*$!
{
	archiveVersion = 1;
	classes = {
	};
	objectVersion = 46;
	objects = {

/* Begin PBXBuildFile section */
		3DE689B01B1F5EB2008EE550 /* main.m in Sources */ = {isa = PBXBuildFile; fileRef = 3DE689AF1B1F5EB2008EE550 /* main.m */; };
		3DE689B31B1F5EB2008EE550 /* AppDelegate.m in Sources */ = {isa = PBXBuildFile; fileRef = 3DE689B21B1F5EB2008EE550 /* AppDelegate.m */; };
		3DE689B61B1F5EB2008EE550 /* ViewController.m in Sources */ = {isa = PBXBuildFile; fileRef = 3DE689B51B1F5EB2008EE550 /* ViewController.m */; };
		3DE689B91B1F5EB2008EE550 /* Main.storyboard in Resources */ = {isa = PBXBuildFile; fileRef = 3DE689B71B1F5EB2008EE550 /* Main.storyboard */; };
		3DE689BB1B1F5EB2008EE550 /* Images.xcassets in Resources */ = {isa = PBXBuildFile; fileRef = 3DE689BA1B1F5EB2008EE550 /* Images.xcassets */; };
		3DE689BE1B1F5EB2008EE550 /* LaunchScreen.xib in Resources */ = {isa = PBXBuildFile; fileRef = 3DE689BC1B1F5EB2008EE550 /* LaunchScreen.xib */; };
		3DE689CA1B1F5EB2008EE550 /* autolayer_____Tests.m in Sources */ = {isa = PBXBuildFile; fileRef = 3DE689C91B1F5EB2008EE550 /* autolayer_____Tests.m */; };
		9371DC471EB493F1F0D8ED52 /* libPods.a in Frameworks */ = {isa = PBXBuildFile; fileRef = 0760FA399327C413A7D79298 /* libPods.a */; };
/* End PBXBuildFile section */

/* Begin PBXContainerItemProxy section */
		3DE689C41B1F5EB2008EE550 /* PBXContainerItemProxy */ = {
			isa = PBXContainerItemProxy;
			containerPortal = 3DE689A21B1F5EB2008EE550 /* Project object */;
			proxyType = 1;
			remoteGlobalIDString = 3DE689A91B1F5EB2008EE550;
			remoteInfo = "autolayer-第三方库";
		};
/* End PBXContainerItemProxy section */

/* Begin PBXFileReference section */
		0760FA399327C413A7D79298 /* libPods.a */ = {isa = PBXFileReference; explicitFileType = archive.ar; includeInIndex = 0; path = libPods.a; sourceTree = BUILT_PRODUCTS_DIR; };
		0DF88A573A1ACD38AEFCA622 /* Pods.debug.xcconfig */ = {isa = PBXFileReference; includeInIndex = 1; lastKnownFileType = text.xcconfig; name = Pods.debug.xcconfig; path = "Pods/Target Support Files/Pods/Pods.debug.xcconfig"; sourceTree = "<group>"; };
		3DE689AA1B1F5EB2008EE550 /* autolayer-第三方库.app */ = {isa = PBXFileReference; explicitFileType = wrapper.application; includeInIndex = 0; path = "autolayer-第三方库.app"; sourceTree = BUILT_PRODUCTS_DIR; };
		3DE689AE1B1F5EB2008EE550 /* Info.plist */ = {isa = PBXFileReference; lastKnownFileType = text.plist.xml; path = Info.plist; sourceTree = "<group>"; };
		3DE689AF1B1F5EB2008EE550 /* main.m */ = {isa = PBXFileReference; lastKnownFileType = sourcecode.c.objc; path = main.m; sourceTree = "<group>"; };
		3DE689B11B1F5EB2008EE550 /* AppDelegate.h */ = {isa = PBXFileReference; lastKnownFileType = sourcecode.c.h; path = AppDelegate.h; sourceTree = "<group>"; };
		3DE689B21B1F5EB2008EE550 /* AppDelegate.m */ = {isa = PBXFileReference; lastKnownFileType = sourcecode.c.objc; path = AppDelegate.m; sourceTree = "<group>"; };
		3DE689B41B1F5EB2008EE550 /* ViewController.h */ = {isa = PBXFileReference; lastKnownFileType = sourcecode.c.h; path = ViewController.h; sourceTree = "<group>"; };
		3DE689B51B1F5EB2008EE550 /* ViewController.m */ = {isa = PBXFileReference; lastKnownFileType = sourcecode.c.objc; path = ViewController.m; sourceTree = "<group>"; };
		3DE689B81B1F5EB2008EE550 /* Base */ = {isa = PBXFileReference; lastKnownFileType = file.storyboard; name = Base; path = Base.lproj/Main.storyboard; sourceTree = "<group>"; };
		3DE689BA1B1F5EB2008EE550 /* Images.xcassets */ = {isa = PBXFileReference; lastKnownFileType = folder.assetcatalog; path = Images.xcassets; sourceTree = "<group>"; };
		3DE689BD1B1F5EB2008EE550 /* Base */ = {isa = PBXFileReference; lastKnownFileType = file.xib; name = Base; path = Base.lproj/LaunchScreen.xib; sourceTree = "<group>"; };
		3DE689C31B1F5EB2008EE550 /* autolayer-第三方库Tests.xctest */ = {isa = PBXFileReference; explicitFileType = wrapper.cfbundle; includeInIndex = 0; path = "autolayer-第三方库Tests.xctest"; sourceTree = BUILT_PRODUCTS_DIR; };
		3DE689C81B1F5EB2008EE550 /* Info.plist */ = {isa = PBXFileReference; lastKnownFileType = text.plist.xml; path = Info.plist; sourceTree = "<group>"; };
		3DE689C91B1F5EB2008EE550 /* autolayer_____Tests.m */ = {isa = PBXFileReference; lastKnownFileType = sourcecode.c.objc; path = "autolayer_____Tests.m"; sourceTree = "<group>"; };
		6D796FDDD46BE156F7272E00 /* Pods.release.xcconfig */ = {isa = PBXFileReference; includeInIndex = 1; lastKnownFileType = text.xcconfig; name = Pods.release.xcconfig; path = "Pods/Target Support Files/Pods/Pods.release.xcconfig"; sourceTree = "<group>"; };
/* End PBXFileReference section */

/* Begin PBXFrameworksBuildPhase section */
		3DE689A71B1F5EB2008EE550 /* Frameworks */ = {
			isa = PBXFrameworksBuildPhase;
			buildActionMask = 2147483647;
			files = (
				9371DC471EB493F1F0D8ED52 /* libPods.a in Frameworks */,
			);
			runOnlyForDeploymentPostprocessing = 0;
		};
		3DE689C01B1F5EB2008EE550 /* Frameworks */ = {
			isa = PBXFrameworksBuildPhase;
			buildActionMask = 2147483647;
			files = (
			);
			runOnlyForDeploymentPostprocessing = 0;
		};
/* End PBXFrameworksBuildPhase section */

/* Begin PBXGroup section */
		3DE689A11B1F5EB2008EE550 = {
			isa = PBXGroup;
			children = (
				3DE689AC1B1F5EB2008EE550 /* autolayer-第三方库 */,
				3DE689C61B1F5EB2008EE550 /* autolayer-第三方库Tests */,
				3DE689AB1B1F5EB2008EE550 /* Products */,
				46DCC28363F8A836B699D5AB /* Pods */,
				8785E3AA409E3E7A3A5DDAFE /* Frameworks */,
			);
			sourceTree = "<group>";
		};
		3DE689AB1B1F5EB2008EE550 /* Products */ = {
			isa = PBXGroup;
			children = (
				3DE689AA1B1F5EB2008EE550 /* autolayer-第三方库.app */,
				3DE689C31B1F5EB2008EE550 /* autolayer-第三方库Tests.xctest */,
			);
			name = Products;
			sourceTree = "<group>";
		};
		3DE689AC1B1F5EB2008EE550 /* autolayer-第三方库 */ = {
			isa = PBXGroup;
			children = (
				3DE689B11B1F5EB2008EE550 /* AppDelegate.h */,
				3DE689B21B1F5EB2008EE550 /* AppDelegate.m */,
				3DE689B41B1F5EB2008EE550 /* ViewController.h */,
				3DE689B51B1F5EB2008EE550 /* ViewController.m */,
				3DE689B71B1F5EB2008EE550 /* Main.storyboard */,
				3DE689BA1B1F5EB2008EE550 /* Images.xcassets */,
				3DE689BC1B1F5EB2008EE550 /* LaunchScreen.xib */,
				3DE689AD1B1F5EB2008EE550 /* Supporting Files */,
			);
			path = "autolayer-第三方库";
			sourceTree = "<group>";
		};
		3DE689AD1B1F5EB2008EE550 /* Supporting Files */ = {
			isa = PBXGroup;
			children = (
				3DE689AE1B1F5EB2008EE550 /* Info.plist */,
				3DE689AF1B1F5EB2008EE550 /* main.m */,
			);
			name = "Supporting Files";
			sourceTree = "<group>";
		};
		3DE689C61B1F5EB2008EE550 /* autolayer-第三方库Tests */ = {
			isa = PBXGroup;
			children = (
				3DE689C91B1F5EB2008EE550 /* autolayer_____Tests.m */,
				3DE689C71B1F5EB2008EE550 /* Supporting Files */,
			);
			path = "autolayer-第三方库Tests";
			sourceTree = "<group>";
		};
		3DE689C71B1F5EB2008EE550 /* Supporting Files */ = {
			isa = PBXGroup;
			children = (
				3DE689C81B1F5EB2008EE550 /* Info.plist */,
			);
			name = "Supporting Files";
			sourceTree = "<group>";
		};
		46DCC28363F8A836B699D5AB /* Pods */ = {
			isa = PBXGroup;
			children = (
				0DF88A573A1ACD38AEFCA622 /* Pods.debug.xcconfig */,
				6D796FDDD46BE156F7272E00 /* Pods.release.xcconfig */,
			);
			name = Pods;
			sourceTree = "<group>";
		};
		8785E3AA409E3E7A3A5DDAFE /* Frameworks */ = {
			isa = PBXGroup;
			children = (
				0760FA399327C413A7D79298 /* libPods.a */,
			);
			name = Frameworks;
			sourceTree = "<group>";
		};
/* End PBXGroup section */

/* Begin PBXNativeTarget section */
		3DE689A91B1F5EB2008EE550 /* autolayer-第三方库 */ = {
			isa = PBXNativeTarget;
			buildConfigurationList = 3DE689CD1B1F5EB2008EE550 /* Build configuration list for PBXNativeTarget "autolayer-第三方库" */;
			buildPhases = (
				3672B9BB5FDBAEB32833A742 /* Check Pods Manifest.lock */,
				3DE689A61B1F5EB2008EE550 /* Sources */,
				3DE689A71B1F5EB2008EE550 /* Frameworks */,
				3DE689A81B1F5EB2008EE550 /* Resources */,
				89B5AB65421DA0A653B4D987 /* Copy Pods Resources */,
			);
			buildRules = (
			);
			dependencies = (
			);
			name = "autolayer-第三方库";
			productName = "autolayer-第三方库";
			productReference = 3DE689AA1B1F5EB2008EE550 /* autolayer-第三方库.app */;
			productType = "com.apple.product-type.application";
		};
		3DE689C21B1F5EB2008EE550 /* autolayer-第三方库Tests */ = {
			isa = PBXNativeTarget;
			buildConfigurationList = 3DE689D01B1F5EB2008EE550 /* Build configuration list for PBXNativeTarget "autolayer-第三方库Tests" */;
			buildPhases = (
				3DE689BF1B1F5EB2008EE550 /* Sources */,
				3DE689C01B1F5EB2008EE550 /* Frameworks */,
				3DE689C11B1F5EB2008EE550 /* Resources */,
			);
			buildRules = (
			);
			dependencies = (
				3DE689C51B1F5EB2008EE550 /* PBXTargetDependency */,
			);
			name = "autolayer-第三方库Tests";
			productName = "autolayer-第三方库Tests";
			productReference = 3DE689C31B1F5EB2008EE550 /* autolayer-第三方库Tests.xctest */;
			productType = "com.apple.product-type.bundle.unit-test";
		};
/* End PBXNativeTarget section */

/* Begin PBXProject section */
		3DE689A21B1F5EB2008EE550 /* Project object */ = {
			isa = PBXProject;
			attributes = {
				LastUpgradeCheck = 0630;
				ORGANIZATIONNAME = "潘阳军";
				TargetAttributes = {
					3DE689A91B1F5EB2008EE550 = {
						CreatedOnToolsVersion = 6.3.1;
					};
					3DE689C21B1F5EB2008EE550 = {
						CreatedOnToolsVersion = 6.3.1;
						TestTargetID = 3DE689A91B1F5EB2008EE550;
					};
				};
			};
			buildConfigurationList = 3DE689A51B1F5EB2008EE550 /* Build configuration list for PBXProject "autolayer-第三方库" */;
			compatibilityVersion = "Xcode 3.2";
			developmentRegion = English;
			hasScannedForEncodings = 0;
			knownRegions = (
				en,
				Base,
			);
			mainGroup = 3DE689A11B1F5EB2008EE550;
			productRefGroup = 3DE689AB1B1F5EB2008EE550 /* Products */;
			projectDirPath = "";
			projectRoot = "";
			targets = (
				3DE689A91B1F5EB2008EE550 /* autolayer-第三方库 */,
				3DE689C21B1F5EB2008EE550 /* autolayer-第三方库Tests */,
			);
		};
/* End PBXProject section */

/* Begin PBXResourcesBuildPhase section */
		3DE689A81B1F5EB2008EE550 /* Resources */ = {
			isa = PBXResourcesBuildPhase;
			buildActionMask = 2147483647;
			files = (
				3DE689B91B1F5EB2008EE550 /* Main.storyboard in Resources */,
				3DE689BE1B1F5EB2008EE550 /* LaunchScreen.xib in Resources */,
				3DE689BB1B1F5EB2008EE550 /* Images.xcassets in Resources */,
			);
			runOnlyForDeploymentPostprocessing = 0;
		};
		3DE689C11B1F5EB2008EE550 /* Resources */ = {
			isa = PBXResourcesBuildPhase;
			buildActionMask = 2147483647;
			files = (
			);
			runOnlyForDeploymentPostprocessing = 0;
		};
/* End PBXResourcesBuildPhase section */

/* Begin PBXShellScriptBuildPhase section */
		3672B9BB5FDBAEB32833A742 /* Check Pods Manifest.lock */ = {
			isa = PBXShellScriptBuildPhase;
			buildActionMask = 2147483647;
			files = (
			);
			inputPaths = (
			);
			name = "Check Pods Manifest.lock";
			outputPaths = (
			);
			runOnlyForDeploymentPostprocessing = 0;
			shellPath = /bin/sh;
			shellScript = "diff \"${PODS_ROOT}/../Podfile.lock\" \"${PODS_ROOT}/Manifest.lock\" > /dev/null\nif [[ $? != 0 ]] ; then\n    cat << EOM\nerror: The sandbox is not in sync with the Podfile.lock. Run 'pod install' or update your CocoaPods installation.\nEOM\n    exit 1\nfi\n";
			showEnvVarsInLog = 0;
		};
		89B5AB65421DA0A653B4D987 /* Copy Pods Resources */ = {
			isa = PBXShellScriptBuildPhase;
			buildActionMask = 2147483647;
			files = (
			);
			inputPaths = (
			);
			name = "Copy Pods Resources";
			outputPaths = (
			);
			runOnlyForDeploymentPostprocessing = 0;
			shellPath = /bin/sh;
			shellScript = "\"${SRCROOT}/Pods/Target Support Files/Pods/Pods-resources.sh\"\n";
			showEnvVarsInLog = 0;
		};
/* End PBXShellScriptBuildPhase section */

/* Begin PBXSourcesBuildPhase section */
		3DE689A61B1F5EB2008EE550 /* Sources */ = {
			isa = PBXSourcesBuildPhase;
			buildActionMask = 2147483647;
			files = (
				3DE689B61B1F5EB2008EE550 /* ViewController.m in Sources */,
				3DE689B31B1F5EB2008EE550 /* AppDelegate.m in Sources */,
				3DE689B01B1F5EB2008EE550 /* main.m in Sources */,
			);
			runOnlyForDeploymentPostprocessing = 0;
		};
		3DE689BF1B1F5EB2008EE550 /* Sources */ = {
			isa = PBXSourcesBuildPhase;
			buildActionMask = 2147483647;
			files = (
				3DE689CA1B1F5EB2008EE550 /* autolayer_____Tests.m in Sources */,
			);
			runOnlyForDeploymentPostprocessing = 0;
		};
/* End PBXSourcesBuildPhase section */

/* Begin PBXTargetDependency section */
		3DE689C51B1F5EB2008EE550 /* PBXTargetDependency */ = {
			isa = PBXTargetDependency;
			target = 3DE689A91B1F5EB2008EE550 /* autolayer-第三方库 */;
			targetProxy = 3DE689C41B1F5EB2008EE550 /* PBXContainerItemProxy */;
		};
/* End PBXTargetDependency section */

/* Begin PBXVariantGroup section */
		3DE689B71B1F5EB2008EE550 /* Main.storyboard */ = {
			isa = PBXVariantGroup;
			children = (
				3DE689B81B1F5EB2008EE550 /* Base */,
			);
			name = Main.storyboard;
			sourceTree = "<group>";
		};
		3DE689BC1B1F5EB2008EE550 /* LaunchScreen.xib */ = {
			isa = PBXVariantGroup;
			children = (
				3DE689BD1B1F5EB2008EE550 /* Base */,
			);
			name = LaunchScreen.xib;
			sourceTree = "<group>";
		};
/* End PBXVariantGroup section */

/* Begin XCBuildConfiguration section */
		3DE689CB1B1F5EB2008EE550 /* Debug */ = {
			isa = XCBuildConfiguration;
			buildSettings = {
				ALWAYS_SEARCH_USER_PATHS = NO;
				CLANG_CXX_LANGUAGE_STANDARD = "gnu++0x";
				CLANG_CXX_LIBRARY = "libc++";
				CLANG_ENABLE_MODULES = YES;
				CLANG_ENABLE_OBJC_ARC = YES;
				CLANG_WARN_BOOL_CONVERSION = YES;
				CLANG_WARN_CONSTANT_CONVERSION = YES;
				CLANG_WARN_DIRECT_OBJC_ISA_USAGE = YES_ERROR;
				CLANG_WARN_EMPTY_BODY = YES;
				CLANG_WARN_ENUM_CONVERSION = YES;
				CLANG_WARN_INT_CONVERSION = YES;
				CLANG_WARN_OBJC_ROOT_CLASS = YES_ERROR;
				CLANG_WARN_UNREACHABLE_CODE = YES;
				CLANG_WARN__DUPLICATE_METHOD_MATCH = YES;
				"CODE_SIGN_IDENTITY[sdk=iphoneos*]" = "iPhone Developer";
				COPY_PHASE_STRIP = NO;
				DEBUG_INFORMATION_FORMAT = "dwarf-with-dsym";
				ENABLE_STRICT_OBJC_MSGSEND = YES;
				GCC_C_LANGUAGE_STANDARD = gnu99;
				GCC_DYNAMIC_NO_PIC = NO;
				GCC_NO_COMMON_BLOCKS = YES;
				GCC_OPTIMIZATION_LEVEL = 0;
				GCC_PREPROCESSOR_DEFINITIONS = (
					"DEBUG=1",
					"$(inherited)",
				);
				GCC_SYMBOLS_PRIVATE_EXTERN = NO;
				GCC_WARN_64_TO_32_BIT_CONVERSION = YES;
				GCC_WARN_ABOUT_RETURN_TYPE = YES_ERROR;
				GCC_WARN_UNDECLARED_SELECTOR = YES;
				GCC_WARN_UNINITIALIZED_AUTOS = YES_AGGRESSIVE;
				GCC_WARN_UNUSED_FUNCTION = YES;
				GCC_WARN_UNUSED_VARIABLE = YES;
				IPHONEOS_DEPLOYMENT_TARGET = 8.3;
				MTL_ENABLE_DEBUG_INFO = YES;
				ONLY_ACTIVE_ARCH = YES;
				SDKROOT = iphoneos;
			};
			name = Debug;
		};
		3DE689CC1B1F5EB2008EE550 /* Release */ = {
			isa = XCBuildConfiguration;
			buildSettings = {
				ALWAYS_SEARCH_USER_PATHS = NO;
				CLANG_CXX_LANGUAGE_STANDARD = "gnu++0x";
				CLANG_CXX_LIBRARY = "libc++";
				CLANG_ENABLE_MODULES = YES;
				CLANG_ENABLE_OBJC_ARC = YES;
				CLANG_WARN_BOOL_CONVERSION = YES;
				CLANG_WARN_CONSTANT_CONVERSION = YES;
				CLANG_WARN_DIRECT_OBJC_ISA_USAGE = YES_ERROR;
				CLANG_WARN_EMPTY_BODY = YES;
				CLANG_WARN_ENUM_CONVERSION = YES;
				CLANG_WARN_INT_CONVERSION = YES;
				CLANG_WARN_OBJC_ROOT_CLASS = YES_ERROR;
				CLANG_WARN_UNREACHABLE_CODE = YES;
				CLANG_WARN__DUPLICATE_METHOD_MATCH = YES;
				"CODE_SIGN_IDENTITY[sdk=iphoneos*]" = "iPhone Developer";
				COPY_PHASE_STRIP = NO;
				DEBUG_INFORMATION_FORMAT = "dwarf-with-dsym";
				ENABLE_NS_ASSERTIONS = NO;
				ENABLE_STRICT_OBJC_MSGSEND = YES;
				GCC_C_LANGUAGE_STANDARD = gnu99;
				GCC_NO_COMMON_BLOCKS = YES;
				GCC_WARN_64_TO_32_BIT_CONVERSION = YES;
				GCC_WARN_ABOUT_RETURN_TYPE = YES_ERROR;
				GCC_WARN_UNDECLARED_SELECTOR = YES;
				GCC_WARN_UNINITIALIZED_AUTOS = YES_AGGRESSIVE;
				GCC_WARN_UNUSED_FUNCTION = YES;
				GCC_WARN_UNUSED_VARIABLE = YES;
				IPHONEOS_DEPLOYMENT_TARGET = 8.3;
				MTL_ENABLE_DEBUG_INFO = NO;
				SDKROOT = iphoneos;
				VALIDATE_PRODUCT = YES;
			};
			name = Release;
		};
		3DE689CE1B1F5EB2008EE550 /* Debug */ = {
			isa = XCBuildConfiguration;
			baseConfigurationReference = 0DF88A573A1ACD38AEFCA622 /* Pods.debug.xcconfig */;
			buildSettings = {
				ASSETCATALOG_COMPILER_APPICON_NAME = AppIcon;
				INFOPLIST_FILE = "autolayer-第三方库/Info.plist";
				LD_RUNPATH_SEARCH_PATHS = "$(inherited) @executable_path/Frameworks";
				PRODUCT_NAME = "$(TARGET_NAME)";
			};
			name = Debug;
		};
		3DE689CF1B1F5EB2008EE550 /* Release */ = {
			isa = XCBuildConfiguration;
			baseConfigurationReference = 6D796FDDD46BE156F7272E00 /* Pods.release.xcconfig */;
			buildSettings = {
				ASSETCATALOG_COMPILER_APPICON_NAME = AppIcon;
				INFOPLIST_FILE = "autolayer-第三方库/Info.plist";
				LD_RUNPATH_SEARCH_PATHS = "$(inherited) @executable_path/Frameworks";
				PRODUCT_NAME = "$(TARGET_NAME)";
			};
			name = Release;
		};
		3DE689D11B1F5EB2008EE550 /* Debug */ = {
			isa = XCBuildConfiguration;
			buildSettings = {
				BUNDLE_LOADER = "$(TEST_HOST)";
				FRAMEWORK_SEARCH_PATHS = (
					"$(SDKROOT)/Developer/Library/Frameworks",
					"$(inherited)",
				);
				GCC_PREPROCESSOR_DEFINITIONS = (
					"DEBUG=1",
					"$(inherited)",
				);
				INFOPLIST_FILE = "autolayer-第三方库Tests/Info.plist";
				LD_RUNPATH_SEARCH_PATHS = "$(inherited) @executable_path/Frameworks @loader_path/Frameworks";
				PRODUCT_NAME = "$(TARGET_NAME)";
				TEST_HOST = "$(BUILT_PRODUCTS_DIR)/autolayer-第三方库.app/autolayer-第三方库";
			};
			name = Debug;
		};
		3DE689D21B1F5EB2008EE550 /* Release */ = {
			isa = XCBuildConfiguration;
			buildSettings = {
				BUNDLE_LOADER = "$(TEST_HOST)";
				FRAMEWORK_SEARCH_PATHS = (
					"$(SDKROOT)/Developer/Library/Frameworks",
					"$(inherited)",
				);
				INFOPLIST_FILE = "autolayer-第三方库Tests/Info.plist";
				LD_RUNPATH_SEARCH_PATHS = "$(inherited) @executable_path/Frameworks @loader_path/Frameworks";
				PRODUCT_NAME = "$(TARGET_NAME)";
				TEST_HOST = "$(BUILT_PRODUCTS_DIR)/autolayer-第三方库.app/autolayer-第三方库";
			};
			name = Release;
		};
/* End XCBuildConfiguration section */

/* Begin XCConfigurationList section */
		3DE689A51B1F5EB2008EE550 /* Build configuration list for PBXProject "autolayer-第三方库" */ = {
			isa = XCConfigurationList;
			buildConfigurations = (
				3DE689CB1B1F5EB2008EE550 /* Debug */,
				3DE689CC1B1F5EB2008EE550 /* Release */,
			);
			defaultConfigurationIsVisible = 0;
			defaultConfigurationName = Release;
		};
		3DE689CD1B1F5EB2008EE550 /* Build configuration list for PBXNativeTarget "autolayer-第三方库" */ = {
			isa = XCConfigurationList;
			buildConfigurations = (
				3DE689CE1B1F5EB2008EE550 /* Debug */,
				3DE689CF1B1F5EB2008EE550 /* Release */,
			);
			defaultConfigurationIsVisible = 0;
			defaultConfigurationName = Release;
		};
		3DE689D01B1F5EB2008EE550 /* Build configuration list for PBXNativeTarget "autolayer-第三方库Tests" */ = {
			isa = XCConfigurationList;
			buildConfigurations = (
				3DE689D11B1F5EB2008EE550 /* Debug */,
				3DE689D21B1F5EB2008EE550 /* Release */,
			);
			defaultConfigurationIsVisible = 0;
			defaultConfigurationName = Release;
		};
/* End XCConfigurationList section */
	};
	rootObject = 3DE689A21B1F5EB2008EE550 /* Project object */;
}
